// !$*UTF8*$!
{
	archiveVersion = 1;
	classes = {
	};
	objectVersion = 56;
	objects = {

/* Begin PBXBuildFile section */
		7AF59D94292211B600992701 /* PokedexApp.swift in Sources */ = {isa = PBXBuildFile; fileRef = 7AF59D93292211B600992701 /* PokedexApp.swift */; };
		7AF59D96292211B600992701 /* ContentView.swift in Sources */ = {isa = PBXBuildFile; fileRef = 7AF59D95292211B600992701 /* ContentView.swift */; };
		7AF59D98292211B700992701 /* Assets.xcassets in Resources */ = {isa = PBXBuildFile; fileRef = 7AF59D97292211B700992701 /* Assets.xcassets */; };
		7AF59D9B292211B700992701 /* Preview Assets.xcassets in Resources */ = {isa = PBXBuildFile; fileRef = 7AF59D9A292211B700992701 /* Preview Assets.xcassets */; };
		7AF59DA5292211B800992701 /* PokedexTests.swift in Sources */ = {isa = PBXBuildFile; fileRef = 7AF59DA4292211B800992701 /* PokedexTests.swift */; };
		7AF59DAF292211B800992701 /* PokedexUITests.swift in Sources */ = {isa = PBXBuildFile; fileRef = 7AF59DAE292211B800992701 /* PokedexUITests.swift */; };
		7AF59DB1292211B800992701 /* PokedexUITestsLaunchTests.swift in Sources */ = {isa = PBXBuildFile; fileRef = 7AF59DB0292211B800992701 /* PokedexUITestsLaunchTests.swift */; };
		7AF59DBF2922121500992701 /* pokemon.json in Resources */ = {isa = PBXBuildFile; fileRef = 7AF59DBE2922121500992701 /* pokemon.json */; };
		7AF59DC42922149A00992701 /* Helpers.swift in Sources */ = {isa = PBXBuildFile; fileRef = 7AF59DC32922149A00992701 /* Helpers.swift */; };
		7AF59DC82922182500992701 /* PokemonModel.swift in Sources */ = {isa = PBXBuildFile; fileRef = 7AF59DC72922182500992701 /* PokemonModel.swift */; };
		7AF59DCB292219C400992701 /* ViewModel.swift in Sources */ = {isa = PBXBuildFile; fileRef = 7AF59DCA292219C400992701 /* ViewModel.swift */; };
		7AF59DCE29221A6D00992701 /* PokemonManager.swift in Sources */ = {isa = PBXBuildFile; fileRef = 7AF59DCD29221A6D00992701 /* PokemonManager.swift */; };
/* End PBXBuildFile section */

/* Begin PBXContainerItemProxy section */
		7AF59DA1292211B800992701 /* PBXContainerItemProxy */ = {
			isa = PBXContainerItemProxy;
			containerPortal = 7AF59D88292211B600992701 /* Project object */;
			proxyType = 1;
			remoteGlobalIDString = 7AF59D8F292211B600992701;
			remoteInfo = Pokedex;
		};
		7AF59DAB292211B800992701 /* PBXContainerItemProxy */ = {
			isa = PBXContainerItemProxy;
			containerPortal = 7AF59D88292211B600992701 /* Project object */;
			proxyType = 1;
			remoteGlobalIDString = 7AF59D8F292211B600992701;
			remoteInfo = Pokedex;
		};
/* End PBXContainerItemProxy section */

/* Begin PBXFileReference section */
		7AF59D90292211B600992701 /* Pokedex.app */ = {isa = PBXFileReference; explicitFileType = wrapper.application; includeInIndex = 0; path = Pokedex.app; sourceTree = BUILT_PRODUCTS_DIR; };
		7AF59D93292211B600992701 /* PokedexApp.swift */ = {isa = PBXFileReference; lastKnownFileType = sourcecode.swift; path = PokedexApp.swift; sourceTree = "<group>"; };
		7AF59D95292211B600992701 /* ContentView.swift */ = {isa = PBXFileReference; lastKnownFileType = sourcecode.swift; path = ContentView.swift; sourceTree = "<group>"; };
		7AF59D97292211B700992701 /* Assets.xcassets */ = {isa = PBXFileReference; lastKnownFileType = folder.assetcatalog; path = Assets.xcassets; sourceTree = "<group>"; };
		7AF59D9A292211B700992701 /* Preview Assets.xcassets */ = {isa = PBXFileReference; lastKnownFileType = folder.assetcatalog; path = "Preview Assets.xcassets"; sourceTree = "<group>"; };
		7AF59DA0292211B800992701 /* PokedexTests.xctest */ = {isa = PBXFileReference; explicitFileType = wrapper.cfbundle; includeInIndex = 0; path = PokedexTests.xctest; sourceTree = BUILT_PRODUCTS_DIR; };
		7AF59DA4292211B800992701 /* PokedexTests.swift */ = {isa = PBXFileReference; lastKnownFileType = sourcecode.swift; path = PokedexTests.swift; sourceTree = "<group>"; };
		7AF59DAA292211B800992701 /* PokedexUITests.xctest */ = {isa = PBXFileReference; explicitFileType = wrapper.cfbundle; includeInIndex = 0; path = PokedexUITests.xctest; sourceTree = BUILT_PRODUCTS_DIR; };
		7AF59DAE292211B800992701 /* PokedexUITests.swift */ = {isa = PBXFileReference; lastKnownFileType = sourcecode.swift; path = PokedexUITests.swift; sourceTree = "<group>"; };
		7AF59DB0292211B800992701 /* PokedexUITestsLaunchTests.swift */ = {isa = PBXFileReference; lastKnownFileType = sourcecode.swift; path = PokedexUITestsLaunchTests.swift; sourceTree = "<group>"; };
		7AF59DBE2922121500992701 /* pokemon.json */ = {isa = PBXFileReference; lastKnownFileType = text.json; path = pokemon.json; sourceTree = "<group>"; };
		7AF59DC32922149A00992701 /* Helpers.swift */ = {isa = PBXFileReference; lastKnownFileType = sourcecode.swift; path = Helpers.swift; sourceTree = "<group>"; };
		7AF59DC72922182500992701 /* PokemonModel.swift */ = {isa = PBXFileReference; lastKnownFileType = sourcecode.swift; path = PokemonModel.swift; sourceTree = "<group>"; };
		7AF59DCA292219C400992701 /* ViewModel.swift */ = {isa = PBXFileReference; lastKnownFileType = sourcecode.swift; path = ViewModel.swift; sourceTree = "<group>"; };
		7AF59DCD29221A6D00992701 /* PokemonManager.swift */ = {isa = PBXFileReference; lastKnownFileType = sourcecode.swift; path = PokemonManager.swift; sourceTree = "<group>"; };
/* End PBXFileReference section */

/* Begin PBXFrameworksBuildPhase section */
		7AF59D8D292211B600992701 /* Frameworks */ = {
			isa = PBXFrameworksBuildPhase;
			buildActionMask = 2147483647;
			files = (
			);
			runOnlyForDeploymentPostprocessing = 0;
		};
		7AF59D9D292211B800992701 /* Frameworks */ = {
			isa = PBXFrameworksBuildPhase;
			buildActionMask = 2147483647;
			files = (
			);
			runOnlyForDeploymentPostprocessing = 0;
		};
		7AF59DA7292211B800992701 /* Frameworks */ = {
			isa = PBXFrameworksBuildPhase;
			buildActionMask = 2147483647;
			files = (
			);
			runOnlyForDeploymentPostprocessing = 0;
		};
/* End PBXFrameworksBuildPhase section */

/* Begin PBXGroup section */
		7AF59D87292211B600992701 = {
			isa = PBXGroup;
			children = (
				7AF59D92292211B600992701 /* Pokedex */,
				7AF59DA3292211B800992701 /* PokedexTests */,
				7AF59DAD292211B800992701 /* PokedexUITests */,
				7AF59D91292211B600992701 /* Products */,
			);
			sourceTree = "<group>";
		};
		7AF59D91292211B600992701 /* Products */ = {
			isa = PBXGroup;
			children = (
				7AF59D90292211B600992701 /* Pokedex.app */,
				7AF59DA0292211B800992701 /* PokedexTests.xctest */,
				7AF59DAA292211B800992701 /* PokedexUITests.xctest */,
			);
			name = Products;
			sourceTree = "<group>";
		};
		7AF59D92292211B600992701 /* Pokedex */ = {
			isa = PBXGroup;
			children = (
				7AF59D95292211B600992701 /* ContentView.swift */,
				7AF59D93292211B600992701 /* PokedexApp.swift */,
				7AF59DCC29221A4C00992701 /* Managers */,
				7AF59DC92922199800992701 /* ViewModels */,
				7AF59DC02922144700992701 /* Helpers */,
				7AF59DC5292217DF00992701 /* Models */,
				7AF59DBD292211E700992701 /* Data */,
				7AF59D97292211B700992701 /* Assets.xcassets */,
				7AF59D99292211B700992701 /* Preview Content */,
			);
			path = Pokedex;
			sourceTree = "<group>";
		};
		7AF59D99292211B700992701 /* Preview Content */ = {
			isa = PBXGroup;
			children = (
				7AF59D9A292211B700992701 /* Preview Assets.xcassets */,
			);
			path = "Preview Content";
			sourceTree = "<group>";
		};
		7AF59DA3292211B800992701 /* PokedexTests */ = {
			isa = PBXGroup;
			children = (
				7AF59DA4292211B800992701 /* PokedexTests.swift */,
			);
			path = PokedexTests;
			sourceTree = "<group>";
		};
		7AF59DAD292211B800992701 /* PokedexUITests */ = {
			isa = PBXGroup;
			children = (
				7AF59DAE292211B800992701 /* PokedexUITests.swift */,
				7AF59DB0292211B800992701 /* PokedexUITestsLaunchTests.swift */,
			);
			path = PokedexUITests;
			sourceTree = "<group>";
		};
		7AF59DBD292211E700992701 /* Data */ = {
			isa = PBXGroup;
			children = (
				7AF59DBE2922121500992701 /* pokemon.json */,
			);
			path = Data;
			sourceTree = "<group>";
		};
		7AF59DC02922144700992701 /* Helpers */ = {
			isa = PBXGroup;
			children = (
				7AF59DC32922149A00992701 /* Helpers.swift */,
			);
			path = Helpers;
			sourceTree = "<group>";
		};
		7AF59DC5292217DF00992701 /* Models */ = {
			isa = PBXGroup;
			children = (
				7AF59DC72922182500992701 /* PokemonModel.swift */,
			);
			path = Models;
			sourceTree = "<group>";
		};
		7AF59DC92922199800992701 /* ViewModels */ = {
			isa = PBXGroup;
			children = (
				7AF59DCA292219C400992701 /* ViewModel.swift */,
			);
			path = ViewModels;
			sourceTree = "<group>";
		};
		7AF59DCC29221A4C00992701 /* Managers */ = {
			isa = PBXGroup;
			children = (
				7AF59DCD29221A6D00992701 /* PokemonManager.swift */,
			);
			path = Managers;
			sourceTree = "<group>";
		};
/* End PBXGroup section */

/* Begin PBXNativeTarget section */
		7AF59D8F292211B600992701 /* Pokedex */ = {
			isa = PBXNativeTarget;
			buildConfigurationList = 7AF59DB4292211B800992701 /* Build configuration list for PBXNativeTarget "Pokedex" */;
			buildPhases = (
				7AF59D8C292211B600992701 /* Sources */,
				7AF59D8D292211B600992701 /* Frameworks */,
				7AF59D8E292211B600992701 /* Resources */,
			);
			buildRules = (
			);
			dependencies = (
			);
			name = Pokedex;
			productName = Pokedex;
			productReference = 7AF59D90292211B600992701 /* Pokedex.app */;
			productType = "com.apple.product-type.application";
		};
		7AF59D9F292211B800992701 /* PokedexTests */ = {
			isa = PBXNativeTarget;
			buildConfigurationList = 7AF59DB7292211B800992701 /* Build configuration list for PBXNativeTarget "PokedexTests" */;
			buildPhases = (
				7AF59D9C292211B800992701 /* Sources */,
				7AF59D9D292211B800992701 /* Frameworks */,
				7AF59D9E292211B800992701 /* Resources */,
			);
			buildRules = (
			);
			dependencies = (
				7AF59DA2292211B800992701 /* PBXTargetDependency */,
			);
			name = PokedexTests;
			productName = PokedexTests;
			productReference = 7AF59DA0292211B800992701 /* PokedexTests.xctest */;
			productType = "com.apple.product-type.bundle.unit-test";
		};
		7AF59DA9292211B800992701 /* PokedexUITests */ = {
			isa = PBXNativeTarget;
			buildConfigurationList = 7AF59DBA292211B800992701 /* Build configuration list for PBXNativeTarget "PokedexUITests" */;
			buildPhases = (
				7AF59DA6292211B800992701 /* Sources */,
				7AF59DA7292211B800992701 /* Frameworks */,
				7AF59DA8292211B800992701 /* Resources */,
			);
			buildRules = (
			);
			dependencies = (
				7AF59DAC292211B800992701 /* PBXTargetDependency */,
			);
			name = PokedexUITests;
			productName = PokedexUITests;
			productReference = 7AF59DAA292211B800992701 /* PokedexUITests.xctest */;
			productType = "com.apple.product-type.bundle.ui-testing";
		};
/* End PBXNativeTarget section */

/* Begin PBXProject section */
		7AF59D88292211B600992701 /* Project object */ = {
			isa = PBXProject;
			attributes = {
				BuildIndependentTargetsInParallel = 1;
				LastSwiftUpdateCheck = 1410;
				LastUpgradeCheck = 1410;
				TargetAttributes = {
					7AF59D8F292211B600992701 = {
						CreatedOnToolsVersion = 14.1;
					};
					7AF59D9F292211B800992701 = {
						CreatedOnToolsVersion = 14.1;
						TestTargetID = 7AF59D8F292211B600992701;
					};
					7AF59DA9292211B800992701 = {
						CreatedOnToolsVersion = 14.1;
						TestTargetID = 7AF59D8F292211B600992701;
					};
				};
			};
			buildConfigurationList = 7AF59D8B292211B600992701 /* Build configuration list for PBXProject "Pokedex" */;
			compatibilityVersion = "Xcode 14.0";
			developmentRegion = en;
			hasScannedForEncodings = 0;
			knownRegions = (
				en,
				Base,
			);
			mainGroup = 7AF59D87292211B600992701;
			productRefGroup = 7AF59D91292211B600992701 /* Products */;
			projectDirPath = "";
			projectRoot = "";
			targets = (
				7AF59D8F292211B600992701 /* Pokedex */,
				7AF59D9F292211B800992701 /* PokedexTests */,
				7AF59DA9292211B800992701 /* PokedexUITests */,
			);
		};
/* End PBXProject section */

/* Begin PBXResourcesBuildPhase section */
		7AF59D8E292211B600992701 /* Resources */ = {
			isa = PBXResourcesBuildPhase;
			buildActionMask = 2147483647;
			files = (
				7AF59D9B292211B700992701 /* Preview Assets.xcassets in Resources */,
				7AF59DBF2922121500992701 /* pokemon.json in Resources */,
				7AF59D98292211B700992701 /* Assets.xcassets in Resources */,
			);
			runOnlyForDeploymentPostprocessing = 0;
		};
		7AF59D9E292211B800992701 /* Resources */ = {
			isa = PBXResourcesBuildPhase;
			buildActionMask = 2147483647;
			files = (
			);
			runOnlyForDeploymentPostprocessing = 0;
		};
		7AF59DA8292211B800992701 /* Resources */ = {
			isa = PBXResourcesBuildPhase;
			buildActionMask = 2147483647;
			files = (
			);
			runOnlyForDeploymentPostprocessing = 0;
		};
/* End PBXResourcesBuildPhase section */

/* Begin PBXSourcesBuildPhase section */
		7AF59D8C292211B600992701 /* Sources */ = {
			isa = PBXSourcesBuildPhase;
			buildActionMask = 2147483647;
			files = (
				7AF59D96292211B600992701 /* ContentView.swift in Sources */,
				7AF59DCE29221A6D00992701 /* PokemonManager.swift in Sources */,
				7AF59D94292211B600992701 /* PokedexApp.swift in Sources */,
				7AF59DC82922182500992701 /* PokemonModel.swift in Sources */,
				7AF59DCB292219C400992701 /* ViewModel.swift in Sources */,
				7AF59DC42922149A00992701 /* Helpers.swift in Sources */,
			);
			runOnlyForDeploymentPostprocessing = 0;
		};
		7AF59D9C292211B800992701 /* Sources */ = {
			isa = PBXSourcesBuildPhase;
			buildActionMask = 2147483647;
			files = (
				7AF59DA5292211B800992701 /* PokedexTests.swift in Sources */,
			);
			runOnlyForDeploymentPostprocessing = 0;
		};
		7AF59DA6292211B800992701 /* Sources */ = {
			isa = PBXSourcesBuildPhase;
			buildActionMask = 2147483647;
			files = (
				7AF59DAF292211B800992701 /* PokedexUITests.swift in Sources */,
				7AF59DB1292211B800992701 /* PokedexUITestsLaunchTests.swift in Sources */,
			);
			runOnlyForDeploymentPostprocessing = 0;
		};
/* End PBXSourcesBuildPhase section */

/* Begin PBXTargetDependency section */
		7AF59DA2292211B800992701 /* PBXTargetDependency */ = {
			isa = PBXTargetDependency;
			target = 7AF59D8F292211B600992701 /* Pokedex */;
			targetProxy = 7AF59DA1292211B800992701 /* PBXContainerItemProxy */;
		};
		7AF59DAC292211B800992701 /* PBXTargetDependency */ = {
			isa = PBXTargetDependency;
			target = 7AF59D8F292211B600992701 /* Pokedex */;
			targetProxy = 7AF59DAB292211B800992701 /* PBXContainerItemProxy */;
		};
/* End PBXTargetDependency section */

/* Begin XCBuildConfiguration section */
		7AF59DB2292211B800992701 /* Debug */ = {
			isa = XCBuildConfiguration;
			buildSettings = {
				ALWAYS_SEARCH_USER_PATHS = NO;
				CLANG_ANALYZER_NONNULL = YES;
				CLANG_ANALYZER_NUMBER_OBJECT_CONVERSION = YES_AGGRESSIVE;
				CLANG_CXX_LANGUAGE_STANDARD = "gnu++20";
				CLANG_ENABLE_MODULES = YES;
				CLANG_ENABLE_OBJC_ARC = YES;
				CLANG_ENABLE_OBJC_WEAK = YES;
				CLANG_WARN_BLOCK_CAPTURE_AUTORELEASING = YES;
				CLANG_WARN_BOOL_CONVERSION = YES;
				CLANG_WARN_COMMA = YES;
				CLANG_WARN_CONSTANT_CONVERSION = YES;
				CLANG_WARN_DEPRECATED_OBJC_IMPLEMENTATIONS = YES;
				CLANG_WARN_DIRECT_OBJC_ISA_USAGE = YES_ERROR;
				CLANG_WARN_DOCUMENTATION_COMMENTS = YES;
				CLANG_WARN_EMPTY_BODY = YES;
				CLANG_WARN_ENUM_CONVERSION = YES;
				CLANG_WARN_INFINITE_RECURSION = YES;
				CLANG_WARN_INT_CONVERSION = YES;
				CLANG_WARN_NON_LITERAL_NULL_CONVERSION = YES;
				CLANG_WARN_OBJC_IMPLICIT_RETAIN_SELF = YES;
				CLANG_WARN_OBJC_LITERAL_CONVERSION = YES;
				CLANG_WARN_OBJC_ROOT_CLASS = YES_ERROR;
				CLANG_WARN_QUOTED_INCLUDE_IN_FRAMEWORK_HEADER = YES;
				CLANG_WARN_RANGE_LOOP_ANALYSIS = YES;
				CLANG_WARN_STRICT_PROTOTYPES = YES;
				CLANG_WARN_SUSPICIOUS_MOVE = YES;
				CLANG_WARN_UNGUARDED_AVAILABILITY = YES_AGGRESSIVE;
				CLANG_WARN_UNREACHABLE_CODE = YES;
				CLANG_WARN__DUPLICATE_METHOD_MATCH = YES;
				COPY_PHASE_STRIP = NO;
				DEBUG_INFORMATION_FORMAT = dwarf;
				ENABLE_STRICT_OBJC_MSGSEND = YES;
				ENABLE_TESTABILITY = YES;
				GCC_C_LANGUAGE_STANDARD = gnu11;
				GCC_DYNAMIC_NO_PIC = NO;
				GCC_NO_COMMON_BLOCKS = YES;
				GCC_OPTIMIZATION_LEVEL = 0;
				GCC_PREPROCESSOR_DEFINITIONS = (
					"DEBUG=1",
					"$(inherited)",
				);
				GCC_WARN_64_TO_32_BIT_CONVERSION = YES;
				GCC_WARN_ABOUT_RETURN_TYPE = YES_ERROR;
				GCC_WARN_UNDECLARED_SELECTOR = YES;
				GCC_WARN_UNINITIALIZED_AUTOS = YES_AGGRESSIVE;
				GCC_WARN_UNUSED_FUNCTION = YES;
				GCC_WARN_UNUSED_VARIABLE = YES;
				IPHONEOS_DEPLOYMENT_TARGET = 16.1;
				MTL_ENABLE_DEBUG_INFO = INCLUDE_SOURCE;
				MTL_FAST_MATH = YES;
				ONLY_ACTIVE_ARCH = YES;
				SDKROOT = iphoneos;
				SWIFT_ACTIVE_COMPILATION_CONDITIONS = DEBUG;
				SWIFT_OPTIMIZATION_LEVEL = "-Onone";
			};
			name = Debug;
		};
		7AF59DB3292211B800992701 /* Release */ = {
			isa = XCBuildConfiguration;
			buildSettings = {
				ALWAYS_SEARCH_USER_PATHS = NO;
				CLANG_ANALYZER_NONNULL = YES;
				CLANG_ANALYZER_NUMBER_OBJECT_CONVERSION = YES_AGGRESSIVE;
				CLANG_CXX_LANGUAGE_STANDARD = "gnu++20";
				CLANG_ENABLE_MODULES = YES;
				CLANG_ENABLE_OBJC_ARC = YES;
				CLANG_ENABLE_OBJC_WEAK = YES;
				CLANG_WARN_BLOCK_CAPTURE_AUTORELEASING = YES;
				CLANG_WARN_BOOL_CONVERSION = YES;
				CLANG_WARN_COMMA = YES;
				CLANG_WARN_CONSTANT_CONVERSION = YES;
				CLANG_WARN_DEPRECATED_OBJC_IMPLEMENTATIONS = YES;
				CLANG_WARN_DIRECT_OBJC_ISA_USAGE = YES_ERROR;
				CLANG_WARN_DOCUMENTATION_COMMENTS = YES;
				CLANG_WARN_EMPTY_BODY = YES;
				CLANG_WARN_ENUM_CONVERSION = YES;
				CLANG_WARN_INFINITE_RECURSION = YES;
				CLANG_WARN_INT_CONVERSION = YES;
				CLANG_WARN_NON_LITERAL_NULL_CONVERSION = YES;
				CLANG_WARN_OBJC_IMPLICIT_RETAIN_SELF = YES;
				CLANG_WARN_OBJC_LITERAL_CONVERSION = YES;
				CLANG_WARN_OBJC_ROOT_CLASS = YES_ERROR;
				CLANG_WARN_QUOTED_INCLUDE_IN_FRAMEWORK_HEADER = YES;
				CLANG_WARN_RANGE_LOOP_ANALYSIS = YES;
				CLANG_WARN_STRICT_PROTOTYPES = YES;
				CLANG_WARN_SUSPICIOUS_MOVE = YES;
				CLANG_WARN_UNGUARDED_AVAILABILITY = YES_AGGRESSIVE;
				CLANG_WARN_UNREACHABLE_CODE = YES;
				CLANG_WARN__DUPLICATE_METHOD_MATCH = YES;
				COPY_PHASE_STRIP = NO;
				DEBUG_INFORMATION_FORMAT = "dwarf-with-dsym";
				ENABLE_NS_ASSERTIONS = NO;
				ENABLE_STRICT_OBJC_MSGSEND = YES;
				GCC_C_LANGUAGE_STANDARD = gnu11;
				GCC_NO_COMMON_BLOCKS = YES;
				GCC_WARN_64_TO_32_BIT_CONVERSION = YES;
				GCC_WARN_ABOUT_RETURN_TYPE = YES_ERROR;
				GCC_WARN_UNDECLARED_SELECTOR = YES;
				GCC_WARN_UNINITIALIZED_AUTOS = YES_AGGRESSIVE;
				GCC_WARN_UNUSED_FUNCTION = YES;
				GCC_WARN_UNUSED_VARIABLE = YES;
				IPHONEOS_DEPLOYMENT_TARGET = 16.1;
				MTL_ENABLE_DEBUG_INFO = NO;
				MTL_FAST_MATH = YES;
				SDKROOT = iphoneos;
				SWIFT_COMPILATION_MODE = wholemodule;
				SWIFT_OPTIMIZATION_LEVEL = "-O";
				VALIDATE_PRODUCT = YES;
			};
			name = Release;
		};
		7AF59DB5292211B800992701 /* Debug */ = {
			isa = XCBuildConfiguration;
			buildSettings = {
				ASSETCATALOG_COMPILER_APPICON_NAME = AppIcon;
				ASSETCATALOG_COMPILER_GLOBAL_ACCENT_COLOR_NAME = AccentColor;
				CODE_SIGN_STYLE = Automatic;
				CURRENT_PROJECT_VERSION = 1;
				DEVELOPMENT_ASSET_PATHS = "\"Pokedex/Preview Content\"";
				ENABLE_PREVIEWS = YES;
				GENERATE_INFOPLIST_FILE = YES;
				INFOPLIST_KEY_UIApplicationSceneManifest_Generation = YES;
				INFOPLIST_KEY_UIApplicationSupportsIndirectInputEvents = YES;
				INFOPLIST_KEY_UILaunchScreen_Generation = YES;
				INFOPLIST_KEY_UISupportedInterfaceOrientations_iPad = "UIInterfaceOrientationPortrait UIInterfaceOrientationPortraitUpsideDown UIInterfaceOrientationLandscapeLeft UIInterfaceOrientationLandscapeRight";
				INFOPLIST_KEY_UISupportedInterfaceOrientations_iPhone = "UIInterfaceOrientationPortrait UIInterfaceOrientationLandscapeLeft UIInterfaceOrientationLandscapeRight";
				LD_RUNPATH_SEARCH_PATHS = (
					"$(inherited)",
					"@executable_path/Frameworks",
				);
				MARKETING_VERSION = 1.0;
				PRODUCT_BUNDLE_IDENTIFIER = Gio.Pokedex;
				PRODUCT_NAME = "$(TARGET_NAME)";
				SWIFT_EMIT_LOC_STRINGS = YES;
				SWIFT_VERSION = 5.0;
				TARGETED_DEVICE_FAMILY = "1,2";
			};
			name = Debug;
		};
		7AF59DB6292211B800992701 /* Release */ = {
			isa = XCBuildConfiguration;
			buildSettings = {
				ASSETCATALOG_COMPILER_APPICON_NAME = AppIcon;
				ASSETCATALOG_COMPILER_GLOBAL_ACCENT_COLOR_NAME = AccentColor;
				CODE_SIGN_STYLE = Automatic;
				CURRENT_PROJECT_VERSION = 1;
				DEVELOPMENT_ASSET_PATHS = "\"Pokedex/Preview Content\"";
				ENABLE_PREVIEWS = YES;
				GENERATE_INFOPLIST_FILE = YES;
				INFOPLIST_KEY_UIApplicationSceneManifest_Generation = YES;
				INFOPLIST_KEY_UIApplicationSupportsIndirectInputEvents = YES;
				INFOPLIST_KEY_UILaunchScreen_Generation = YES;
				INFOPLIST_KEY_UISupportedInterfaceOrientations_iPad = "UIInterfaceOrientationPortrait UIInterfaceOrientationPortraitUpsideDown UIInterfaceOrientationLandscapeLeft UIInterfaceOrientationLandscapeRight";
				INFOPLIST_KEY_UISupportedInterfaceOrientations_iPhone = "UIInterfaceOrientationPortrait UIInterfaceOrientationLandscapeLeft UIInterfaceOrientationLandscapeRight";
				LD_RUNPATH_SEARCH_PATHS = (
					"$(inherited)",
					"@executable_path/Frameworks",
				);
				MARKETING_VERSION = 1.0;
				PRODUCT_BUNDLE_IDENTIFIER = Gio.Pokedex;
				PRODUCT_NAME = "$(TARGET_NAME)";
				SWIFT_EMIT_LOC_STRINGS = YES;
				SWIFT_VERSION = 5.0;
				TARGETED_DEVICE_FAMILY = "1,2";
			};
			name = Release;
		};
		7AF59DB8292211B800992701 /* Debug */ = {
			isa = XCBuildConfiguration;
			buildSettings = {
				ALWAYS_EMBED_SWIFT_STANDARD_LIBRARIES = YES;
				BUNDLE_LOADER = "$(TEST_HOST)";
				CODE_SIGN_STYLE = Automatic;
				CURRENT_PROJECT_VERSION = 1;
				GENERATE_INFOPLIST_FILE = YES;
				IPHONEOS_DEPLOYMENT_TARGET = 16.1;
				MARKETING_VERSION = 1.0;
				PRODUCT_BUNDLE_IDENTIFIER = Gio.PokedexTests;
				PRODUCT_NAME = "$(TARGET_NAME)";
				SWIFT_EMIT_LOC_STRINGS = NO;
				SWIFT_VERSION = 5.0;
				TARGETED_DEVICE_FAMILY = "1,2";
				TEST_HOST = "$(BUILT_PRODUCTS_DIR)/Pokedex.app/$(BUNDLE_EXECUTABLE_FOLDER_PATH)/Pokedex";
			};
			name = Debug;
		};
		7AF59DB9292211B800992701 /* Release */ = {
			isa = XCBuildConfiguration;
			buildSettings = {
				ALWAYS_EMBED_SWIFT_STANDARD_LIBRARIES = YES;
				BUNDLE_LOADER = "$(TEST_HOST)";
				CODE_SIGN_STYLE = Automatic;
				CURRENT_PROJECT_VERSION = 1;
				GENERATE_INFOPLIST_FILE = YES;
				IPHONEOS_DEPLOYMENT_TARGET = 16.1;
				MARKETING_VERSION = 1.0;
				PRODUCT_BUNDLE_IDENTIFIER = Gio.PokedexTests;
				PRODUCT_NAME = "$(TARGET_NAME)";
				SWIFT_EMIT_LOC_STRINGS = NO;
				SWIFT_VERSION = 5.0;
				TARGETED_DEVICE_FAMILY = "1,2";
				TEST_HOST = "$(BUILT_PRODUCTS_DIR)/Pokedex.app/$(BUNDLE_EXECUTABLE_FOLDER_PATH)/Pokedex";
			};
			name = Release;
		};
		7AF59DBB292211B800992701 /* Debug */ = {
			isa = XCBuildConfiguration;
			buildSettings = {
				ALWAYS_EMBED_SWIFT_STANDARD_LIBRARIES = YES;
				CODE_SIGN_STYLE = Automatic;
				CURRENT_PROJECT_VERSION = 1;
				GENERATE_INFOPLIST_FILE = YES;
				MARKETING_VERSION = 1.0;
				PRODUCT_BUNDLE_IDENTIFIER = Gio.PokedexUITests;
				PRODUCT_NAME = "$(TARGET_NAME)";
				SWIFT_EMIT_LOC_STRINGS = NO;
				SWIFT_VERSION = 5.0;
				TARGETED_DEVICE_FAMILY = "1,2";
				TEST_TARGET_NAME = Pokedex;
			};
			name = Debug;
		};
		7AF59DBC292211B800992701 /* Release */ = {
			isa = XCBuildConfiguration;
			buildSettings = {
				ALWAYS_EMBED_SWIFT_STANDARD_LIBRARIES = YES;
				CODE_SIGN_STYLE = Automatic;
				CURRENT_PROJECT_VERSION = 1;
				GENERATE_INFOPLIST_FILE = YES;
				MARKETING_VERSION = 1.0;
				PRODUCT_BUNDLE_IDENTIFIER = Gio.PokedexUITests;
				PRODUCT_NAME = "$(TARGET_NAME)";
				SWIFT_EMIT_LOC_STRINGS = NO;
				SWIFT_VERSION = 5.0;
				TARGETED_DEVICE_FAMILY = "1,2";
				TEST_TARGET_NAME = Pokedex;
			};
			name = Release;
		};
/* End XCBuildConfiguration section */

/* Begin XCConfigurationList section */
		7AF59D8B292211B600992701 /* Build configuration list for PBXProject "Pokedex" */ = {
			isa = XCConfigurationList;
			buildConfigurations = (
				7AF59DB2292211B800992701 /* Debug */,
				7AF59DB3292211B800992701 /* Release */,
			);
			defaultConfigurationIsVisible = 0;
			defaultConfigurationName = Release;
		};
		7AF59DB4292211B800992701 /* Build configuration list for PBXNativeTarget "Pokedex" */ = {
			isa = XCConfigurationList;
			buildConfigurations = (
				7AF59DB5292211B800992701 /* Debug */,
				7AF59DB6292211B800992701 /* Release */,
			);
			defaultConfigurationIsVisible = 0;
			defaultConfigurationName = Release;
		};
		7AF59DB7292211B800992701 /* Build configuration list for PBXNativeTarget "PokedexTests" */ = {
			isa = XCConfigurationList;
			buildConfigurations = (
				7AF59DB8292211B800992701 /* Debug */,
				7AF59DB9292211B800992701 /* Release */,
			);
			defaultConfigurationIsVisible = 0;
			defaultConfigurationName = Release;
		};
		7AF59DBA292211B800992701 /* Build configuration list for PBXNativeTarget "PokedexUITests" */ = {
			isa = XCConfigurationList;
			buildConfigurations = (
				7AF59DBB292211B800992701 /* Debug */,
				7AF59DBC292211B800992701 /* Release */,
			);
			defaultConfigurationIsVisible = 0;
			defaultConfigurationName = Release;
		};
/* End XCConfigurationList section */
	};
	rootObject = 7AF59D88292211B600992701 /* Project object */;
}
